
Microsoft Visual Studio Solution File, Format Version 12.00
Project("{FAE04EC0-301F-11D3-BF4B-00C04F79EFBC}") = "AutheticationService", "AutheticationService\AutheticationService.csproj", "{F510B42D-1C29-4109-B7E2-C63CDDAAB3B6}"
EndProject
Global
	GlobalSection(SolutionConfigurationPlatforms) = preSolution
		Debug|Any CPU = Debug|Any CPU
		Release|Any CPU = Release|Any CPU
	EndGlobalSection
	GlobalSection(ProjectConfigurationPlatforms) = postSolution
		{F510B42D-1C29-4109-B7E2-C63CDDAAB3B6}.Debug|Any CPU.ActiveCfg = Debug|Any CPU
		{F510B42D-1C29-4109-B7E2-C63CDDAAB3B6}.Debug|Any CPU.Build.0 = Debug|Any CPU
		{F510B42D-1C29-4109-B7E2-C63CDDAAB3B6}.Release|Any CPU.ActiveCfg = Release|Any CPU
		{F510B42D-1C29-4109-B7E2-C63CDDAAB3B6}.Release|Any CPU.Build.0 = Release|Any CPU
	EndGlobalSection
EndGlobal
